
Microsoft Visual Studio Solution File, Format Version 12.00
# Visual Studio Version 17
VisualStudioVersion = 17.9.34728.123
MinimumVisualStudioVersion = 10.0.40219.1
Project("{9A19103F-16F7-4668-BE54-9A1E7A4F7556}") = "csc336_final", "csc336_final\csc336_final.csproj", "{C72C2D21-69AC-4602-8591-4A4BFC42CB1D}"
EndProject
Project("{9A19103F-16F7-4668-BE54-9A1E7A4F7556}") = "DAL", "DAL\DAL.csproj", "{0EAD3E0B-6892-44FF-9DB4-CB31317E295A}"
EndProject
Project("{9A19103F-16F7-4668-BE54-9A1E7A4F7556}") = "BLL", "BLL\BLL.csproj", "{AC2065CF-5AB7-4AE2-B426-AF05C73D7637}"
EndProject
Global
	GlobalSection(SolutionConfigurationPlatforms) = preSolution
		Debug|Any CPU = Debug|Any CPU
		Release|Any CPU = Release|Any CPU
	EndGlobalSection
	GlobalSection(ProjectConfigurationPlatforms) = postSolution
		{C72C2D21-69AC-4602-8591-4A4BFC42CB1D}.Debug|Any CPU.ActiveCfg = Debug|Any CPU
		{C72C2D21-69AC-4602-8591-4A4BFC42CB1D}.Debug|Any CPU.Build.0 = Debug|Any CPU
		{C72C2D21-69AC-4602-8591-4A4BFC42CB1D}.Release|Any CPU.ActiveCfg = Release|Any CPU
		{C72C2D21-69AC-4602-8591-4A4BFC42CB1D}.Release|Any CPU.Build.0 = Release|Any CPU
		{0EAD3E0B-6892-44FF-9DB4-CB31317E295A}.Debug|Any CPU.ActiveCfg = Debug|Any CPU
		{0EAD3E0B-6892-44FF-9DB4-CB31317E295A}.Debug|Any CPU.Build.0 = Debug|Any CPU
		{0EAD3E0B-6892-44FF-9DB4-CB31317E295A}.Release|Any CPU.ActiveCfg = Release|Any CPU
		{0EAD3E0B-6892-44FF-9DB4-CB31317E295A}.Release|Any CPU.Build.0 = Release|Any CPU
		{AC2065CF-5AB7-4AE2-B426-AF05C73D7637}.Debug|Any CPU.ActiveCfg = Debug|Any CPU
		{AC2065CF-5AB7-4AE2-B426-AF05C73D7637}.Debug|Any CPU.Build.0 = Debug|Any CPU
		{AC2065CF-5AB7-4AE2-B426-AF05C73D7637}.Release|Any CPU.ActiveCfg = Release|Any CPU
		{AC2065CF-5AB7-4AE2-B426-AF05C73D7637}.Release|Any CPU.Build.0 = Release|Any CPU
	EndGlobalSection
	GlobalSection(SolutionProperties) = preSolution
		HideSolutionNode = FALSE
	EndGlobalSection
	GlobalSection(ExtensibilityGlobals) = postSolution
		SolutionGuid = {9C104CE2-EA03-4DA2-8FA4-90D70D0643D3}
	EndGlobalSection
EndGlobal
